# THIS IS AN AUTOGENERATED FILE. DO NOT EDIT THIS FILE DIRECTLY.
# yarn lockfile v1


"@types/chrome@^0.0.154":
  "integrity" "sha512-6QmP744MeMUZUIUHED4d4L2la5dIF1e6bcrkGF4yGQTyO94ER+r++Ss165wkzA5cAGUYt8kToDa6L9xtNqVMxg=="
  "resolved" "https://registry.npmjs.org/@types/chrome/-/chrome-0.0.154.tgz"
  "version" "0.0.154"
  dependencies:
    "@types/filesystem" "*"
    "@types/har-format" "*"

"@types/filesystem@*":
  "integrity" "sha512-Yuf4jR5YYMR2DVgwuCiP11s0xuVRyPKmz8vo6HBY3CGdeMj8af93CFZX+T82+VD1+UqHOxTq31lO7MI7lepBtQ=="
  "resolved" "https://registry.npmjs.org/@types/filesystem/-/filesystem-0.0.32.tgz"
  "version" "0.0.32"
  dependencies:
    "@types/filewriter" "*"

"@types/filewriter@*":
  "integrity" "sha512-BsPXH/irW0ht0Ji6iw/jJaK8Lj3FJemon2gvEqHKpCdDCeemHa+rI3WBGq5z7cDMZgoLjY40oninGxqk+8NzNQ=="
  "resolved" "https://registry.npmjs.org/@types/filewriter/-/filewriter-0.0.29.tgz"
  "version" "0.0.29"

"@types/har-format@*":
  "integrity" "sha512-/TPzUG0tJn5x1TUcVLlDx2LqbE58hyOzDVAc9kf8SpOEmguHjU6bKUyfqb211AdqLOmU/SNyXvLKPNP5qTlfRw=="
  "resolved" "https://registry.npmjs.org/@types/har-format/-/har-format-1.2.7.tgz"
  "version" "1.2.7"
